
Microsoft Visual Studio Solution File, Format Version 12.00
# Visual Studio Version 16
VisualStudioVersion = 16.0.30804.86
MinimumVisualStudioVersion = 10.0.40219.1
Project("{9A19103F-16F7-4668-BE54-9A1E7A4F7556}") = "SimpleDependecyInjectionSystem", "SimpleDependecyInjectionSystem\SimpleDependecyInjectionSystem.csproj", "{16C50621-A1FE-4312-AA10-465B8BED0AA9}"
EndProject
Project("{FAE04EC0-301F-11D3-BF4B-00C04F79EFBC}") = "ConsoleDemo", "ConsoleDemo\ConsoleDemo.csproj", "{0913A03D-DA74-4A74-B757-48139995CC69}"
EndProject
Global
	GlobalSection(SolutionConfigurationPlatforms) = preSolution
		Debug|Any CPU = Debug|Any CPU
		Release|Any CPU = Release|Any CPU
	EndGlobalSection
	GlobalSection(ProjectConfigurationPlatforms) = postSolution
		{16C50621-A1FE-4312-AA10-465B8BED0AA9}.Debug|Any CPU.ActiveCfg = Debug|Any CPU
		{16C50621-A1FE-4312-AA10-465B8BED0AA9}.Debug|Any CPU.Build.0 = Debug|Any CPU
		{16C50621-A1FE-4312-AA10-465B8BED0AA9}.Release|Any CPU.ActiveCfg = Release|Any CPU
		{16C50621-A1FE-4312-AA10-465B8BED0AA9}.Release|Any CPU.Build.0 = Release|Any CPU
		{0913A03D-DA74-4A74-B757-48139995CC69}.Debug|Any CPU.ActiveCfg = Debug|Any CPU
		{0913A03D-DA74-4A74-B757-48139995CC69}.Debug|Any CPU.Build.0 = Debug|Any CPU
		{0913A03D-DA74-4A74-B757-48139995CC69}.Release|Any CPU.ActiveCfg = Release|Any CPU
		{0913A03D-DA74-4A74-B757-48139995CC69}.Release|Any CPU.Build.0 = Release|Any CPU
	EndGlobalSection
	GlobalSection(SolutionProperties) = preSolution
		HideSolutionNode = FALSE
	EndGlobalSection
	GlobalSection(ExtensibilityGlobals) = postSolution
		SolutionGuid = {21D8CE36-556C-4847-AA11-90042BED8AA4}
	EndGlobalSection
EndGlobal
